
Microsoft Visual Studio Solution File, Format Version 12.00
# Visual Studio Version 16
VisualStudioVersion = 16.0.31129.286
MinimumVisualStudioVersion = 10.0.40219.1
Project("{9A19103F-16F7-4668-BE54-9A1E7A4F7556}") = "CasparCg.AmcpClient", "CasparCg.AmcpClient\CasparCg.AmcpClient.csproj", "{3A1224BB-E767-45E2-85EF-B46EB7C0C7B3}"
EndProject
Project("{FAE04EC0-301F-11D3-BF4B-00C04F79EFBC}") = "ClientExample", "ClientExample\ClientExample.csproj", "{9FAD0C9B-9B87-43E8-B90B-B7A3638571F6}"
EndProject
Global
	GlobalSection(SolutionConfigurationPlatforms) = preSolution
		Debug|Any CPU = Debug|Any CPU
		Release|Any CPU = Release|Any CPU
	EndGlobalSection
	GlobalSection(ProjectConfigurationPlatforms) = postSolution
		{3A1224BB-E767-45E2-85EF-B46EB7C0C7B3}.Debug|Any CPU.ActiveCfg = Debug|Any CPU
		{3A1224BB-E767-45E2-85EF-B46EB7C0C7B3}.Debug|Any CPU.Build.0 = Debug|Any CPU
		{3A1224BB-E767-45E2-85EF-B46EB7C0C7B3}.Release|Any CPU.ActiveCfg = Release|Any CPU
		{3A1224BB-E767-45E2-85EF-B46EB7C0C7B3}.Release|Any CPU.Build.0 = Release|Any CPU
		{9FAD0C9B-9B87-43E8-B90B-B7A3638571F6}.Debug|Any CPU.ActiveCfg = Debug|Any CPU
		{9FAD0C9B-9B87-43E8-B90B-B7A3638571F6}.Debug|Any CPU.Build.0 = Debug|Any CPU
		{9FAD0C9B-9B87-43E8-B90B-B7A3638571F6}.Release|Any CPU.ActiveCfg = Release|Any CPU
		{9FAD0C9B-9B87-43E8-B90B-B7A3638571F6}.Release|Any CPU.Build.0 = Release|Any CPU
	EndGlobalSection
	GlobalSection(SolutionProperties) = preSolution
		HideSolutionNode = FALSE
	EndGlobalSection
	GlobalSection(ExtensibilityGlobals) = postSolution
		SolutionGuid = {22F87EF8-EDA1-49B6-A4BE-D7BC7FA35AC4}
	EndGlobalSection
EndGlobal
